
Microsoft Visual Studio Solution File, Format Version 12.00
# Visual Studio 15
Project("{FAE04EC0-301F-11D3-BF4B-00C04F79EFBC}") = "Assembly-CSharp", "Assembly-CSharp.csproj", "{DD67A52F-4093-7546-0482-D8F538313816}"
EndProject
Project("{FAE04EC0-301F-11D3-BF4B-00C04F79EFBC}") = "Assembly-CSharp-firstpass", "Assembly-CSharp-firstpass.csproj", "{958C0815-35B5-50DF-44C8-A4F2DE81EA6E}"
EndProject
Project("{FAE04EC0-301F-11D3-BF4B-00C04F79EFBC}") = "Assembly-CSharp-Editor-firstpass", "Assembly-CSharp-Editor-firstpass.csproj", "{CE6D23A8-E039-C910-D782-D89FD32072BF}"
EndProject
Project("{FAE04EC0-301F-11D3-BF4B-00C04F79EFBC}") = "Assembly-CSharp-Editor", "Assembly-CSharp-Editor.csproj", "{0B9C263E-F0B1-7821-408A-E10D5648CBDC}"
EndProject
Global
	GlobalSection(SolutionConfigurationPlatforms) = preSolution
		Debug|Any CPU = Debug|Any CPU
		Release|Any CPU = Release|Any CPU
	EndGlobalSection
	GlobalSection(ProjectConfigurationPlatforms) = postSolution
		{DD67A52F-4093-7546-0482-D8F538313816}.Debug|Any CPU.ActiveCfg = Debug|Any CPU
		{DD67A52F-4093-7546-0482-D8F538313816}.Debug|Any CPU.Build.0 = Debug|Any CPU
		{DD67A52F-4093-7546-0482-D8F538313816}.Release|Any CPU.ActiveCfg = Release|Any CPU
		{DD67A52F-4093-7546-0482-D8F538313816}.Release|Any CPU.Build.0 = Release|Any CPU
		{958C0815-35B5-50DF-44C8-A4F2DE81EA6E}.Debug|Any CPU.ActiveCfg = Debug|Any CPU
		{958C0815-35B5-50DF-44C8-A4F2DE81EA6E}.Debug|Any CPU.Build.0 = Debug|Any CPU
		{958C0815-35B5-50DF-44C8-A4F2DE81EA6E}.Release|Any CPU.ActiveCfg = Release|Any CPU
		{958C0815-35B5-50DF-44C8-A4F2DE81EA6E}.Release|Any CPU.Build.0 = Release|Any CPU
		{CE6D23A8-E039-C910-D782-D89FD32072BF}.Debug|Any CPU.ActiveCfg = Debug|Any CPU
		{CE6D23A8-E039-C910-D782-D89FD32072BF}.Debug|Any CPU.Build.0 = Debug|Any CPU
		{CE6D23A8-E039-C910-D782-D89FD32072BF}.Release|Any CPU.ActiveCfg = Release|Any CPU
		{CE6D23A8-E039-C910-D782-D89FD32072BF}.Release|Any CPU.Build.0 = Release|Any CPU
		{0B9C263E-F0B1-7821-408A-E10D5648CBDC}.Debug|Any CPU.ActiveCfg = Debug|Any CPU
		{0B9C263E-F0B1-7821-408A-E10D5648CBDC}.Debug|Any CPU.Build.0 = Debug|Any CPU
		{0B9C263E-F0B1-7821-408A-E10D5648CBDC}.Release|Any CPU.ActiveCfg = Release|Any CPU
		{0B9C263E-F0B1-7821-408A-E10D5648CBDC}.Release|Any CPU.Build.0 = Release|Any CPU
	EndGlobalSection
	GlobalSection(SolutionProperties) = preSolution
		HideSolutionNode = FALSE
	EndGlobalSection
EndGlobal
