
Microsoft Visual Studio Solution File, Format Version 12.00
# Visual Studio 15
Project("{FAE04EC0-301F-11D3-BF4B-00C04F79EFBC}") = "Assembly-CSharp", "Assembly-CSharp.csproj", "{4FE12CF2-B290-EB83-3478-E4481A2BB1A5}"
EndProject
Project("{FAE04EC0-301F-11D3-BF4B-00C04F79EFBC}") = "Assembly-CSharp-firstpass", "Assembly-CSharp-firstpass.csproj", "{98E11EEA-AE48-BE70-DB36-EC0ACEDA7C49}"
EndProject
Project("{FAE04EC0-301F-11D3-BF4B-00C04F79EFBC}") = "Assembly-CSharp-Editor-firstpass", "Assembly-CSharp-Editor-firstpass.csproj", "{13326D2F-C76C-CEAA-1053-DB4A38DAFD09}"
EndProject
Project("{FAE04EC0-301F-11D3-BF4B-00C04F79EFBC}") = "Assembly-CSharp-Editor", "Assembly-CSharp-Editor.csproj", "{C0BD24C3-D4DF-238D-3587-9372D9B62320}"
EndProject
Global
	GlobalSection(SolutionConfigurationPlatforms) = preSolution
		Debug|Any CPU = Debug|Any CPU
		Release|Any CPU = Release|Any CPU
	EndGlobalSection
	GlobalSection(ProjectConfigurationPlatforms) = postSolution
		{4FE12CF2-B290-EB83-3478-E4481A2BB1A5}.Debug|Any CPU.ActiveCfg = Debug|Any CPU
		{4FE12CF2-B290-EB83-3478-E4481A2BB1A5}.Debug|Any CPU.Build.0 = Debug|Any CPU
		{4FE12CF2-B290-EB83-3478-E4481A2BB1A5}.Release|Any CPU.ActiveCfg = Release|Any CPU
		{4FE12CF2-B290-EB83-3478-E4481A2BB1A5}.Release|Any CPU.Build.0 = Release|Any CPU
		{98E11EEA-AE48-BE70-DB36-EC0ACEDA7C49}.Debug|Any CPU.ActiveCfg = Debug|Any CPU
		{98E11EEA-AE48-BE70-DB36-EC0ACEDA7C49}.Debug|Any CPU.Build.0 = Debug|Any CPU
		{98E11EEA-AE48-BE70-DB36-EC0ACEDA7C49}.Release|Any CPU.ActiveCfg = Release|Any CPU
		{98E11EEA-AE48-BE70-DB36-EC0ACEDA7C49}.Release|Any CPU.Build.0 = Release|Any CPU
		{13326D2F-C76C-CEAA-1053-DB4A38DAFD09}.Debug|Any CPU.ActiveCfg = Debug|Any CPU
		{13326D2F-C76C-CEAA-1053-DB4A38DAFD09}.Debug|Any CPU.Build.0 = Debug|Any CPU
		{13326D2F-C76C-CEAA-1053-DB4A38DAFD09}.Release|Any CPU.ActiveCfg = Release|Any CPU
		{13326D2F-C76C-CEAA-1053-DB4A38DAFD09}.Release|Any CPU.Build.0 = Release|Any CPU
		{C0BD24C3-D4DF-238D-3587-9372D9B62320}.Debug|Any CPU.ActiveCfg = Debug|Any CPU
		{C0BD24C3-D4DF-238D-3587-9372D9B62320}.Debug|Any CPU.Build.0 = Debug|Any CPU
		{C0BD24C3-D4DF-238D-3587-9372D9B62320}.Release|Any CPU.ActiveCfg = Release|Any CPU
		{C0BD24C3-D4DF-238D-3587-9372D9B62320}.Release|Any CPU.Build.0 = Release|Any CPU
	EndGlobalSection
	GlobalSection(SolutionProperties) = preSolution
		HideSolutionNode = FALSE
	EndGlobalSection
EndGlobal
